
Microsoft Visual Studio Solution File, Format Version 12.00
# Visual Studio Version 17
VisualStudioVersion = 17.5.33530.505
MinimumVisualStudioVersion = 10.0.40219.1
Project("{FAE04EC0-301F-11D3-BF4B-00C04F79EFBC}") = "Proyecto2_Api", "Proyecto2_Api\Proyecto2_Api.csproj", "{28FED4E7-D302-4900-A8CD-07914E39776D}"
EndProject
Global
	GlobalSection(SolutionConfigurationPlatforms) = preSolution
		Debug|Any CPU = Debug|Any CPU
		Release|Any CPU = Release|Any CPU
	EndGlobalSection
	GlobalSection(ProjectConfigurationPlatforms) = postSolution
		{28FED4E7-D302-4900-A8CD-07914E39776D}.Debug|Any CPU.ActiveCfg = Debug|Any CPU
		{28FED4E7-D302-4900-A8CD-07914E39776D}.Debug|Any CPU.Build.0 = Debug|Any CPU
		{28FED4E7-D302-4900-A8CD-07914E39776D}.Release|Any CPU.ActiveCfg = Release|Any CPU
		{28FED4E7-D302-4900-A8CD-07914E39776D}.Release|Any CPU.Build.0 = Release|Any CPU
	EndGlobalSection
	GlobalSection(SolutionProperties) = preSolution
		HideSolutionNode = FALSE
	EndGlobalSection
	GlobalSection(ExtensibilityGlobals) = postSolution
		SolutionGuid = {D6FC857E-E715-402A-8BAF-8DCA4A1B1757}
	EndGlobalSection
EndGlobal
